
Microsoft Visual Studio Solution File, Format Version 12.00
# Visual Studio Version 17
VisualStudioVersion = 17.11.35303.130
MinimumVisualStudioVersion = 10.0.40219.1
Project("{9A19103F-16F7-4668-BE54-9A1E7A4F7556}") = "BlazorDemo.Showcase", "BlazorDemo.Showcase\BlazorDemo.Showcase.csproj", "{00CDD97A-99EB-40A3-A895-4819066E697C}"
EndProject
Project("{9A19103F-16F7-4668-BE54-9A1E7A4F7556}") = "BlazorDemo.Showcase.Client", "BlazorDemo.Showcase.Client\BlazorDemo.Showcase.Client.csproj", "{DC7DF55B-7523-49C0-AE64-E3EF0705436F}"
EndProject
Global
	GlobalSection(SolutionConfigurationPlatforms) = preSolution
		Debug|Any CPU = Debug|Any CPU
		DebugWasm|Any CPU = DebugWasm|Any CPU
		Release|Any CPU = Release|Any CPU
		ReleaseWasm|Any CPU = ReleaseWasm|Any CPU
	EndGlobalSection
	GlobalSection(ProjectConfigurationPlatforms) = postSolution
		{00CDD97A-99EB-40A3-A895-4819066E697C}.Debug|Any CPU.ActiveCfg = Debug|Any CPU
		{00CDD97A-99EB-40A3-A895-4819066E697C}.Debug|Any CPU.Build.0 = Debug|Any CPU
		{00CDD97A-99EB-40A3-A895-4819066E697C}.DebugWasm|Any CPU.ActiveCfg = Debug|Any CPU
		{00CDD97A-99EB-40A3-A895-4819066E697C}.DebugWasm|Any CPU.Build.0 = Debug|Any CPU
		{00CDD97A-99EB-40A3-A895-4819066E697C}.Release|Any CPU.ActiveCfg = Release|Any CPU
		{00CDD97A-99EB-40A3-A895-4819066E697C}.Release|Any CPU.Build.0 = Release|Any CPU
		{00CDD97A-99EB-40A3-A895-4819066E697C}.ReleaseWasm|Any CPU.ActiveCfg = Release|Any CPU
		{00CDD97A-99EB-40A3-A895-4819066E697C}.ReleaseWasm|Any CPU.Build.0 = Release|Any CPU
		{DC7DF55B-7523-49C0-AE64-E3EF0705436F}.Debug|Any CPU.ActiveCfg = Debug|Any CPU
		{DC7DF55B-7523-49C0-AE64-E3EF0705436F}.Debug|Any CPU.Build.0 = Debug|Any CPU
		{DC7DF55B-7523-49C0-AE64-E3EF0705436F}.DebugWasm|Any CPU.ActiveCfg = Debug|Any CPU
		{DC7DF55B-7523-49C0-AE64-E3EF0705436F}.DebugWasm|Any CPU.Build.0 = Debug|Any CPU
		{DC7DF55B-7523-49C0-AE64-E3EF0705436F}.Release|Any CPU.ActiveCfg = Release|Any CPU
		{DC7DF55B-7523-49C0-AE64-E3EF0705436F}.Release|Any CPU.Build.0 = Release|Any CPU
		{DC7DF55B-7523-49C0-AE64-E3EF0705436F}.ReleaseWasm|Any CPU.ActiveCfg = Release|Any CPU
		{DC7DF55B-7523-49C0-AE64-E3EF0705436F}.ReleaseWasm|Any CPU.Build.0 = Release|Any CPU
	EndGlobalSection
	GlobalSection(SolutionProperties) = preSolution
		HideSolutionNode = FALSE
	EndGlobalSection
	GlobalSection(ExtensibilityGlobals) = postSolution
		SolutionGuid = {E665AB0F-056A-434B-ABA4-C593C3DAC293}
	EndGlobalSection
EndGlobal
